
Microsoft Visual Studio Solution File, Format Version 12.00
# Visual Studio Version 17
VisualStudioVersion = 17.5.33627.172
MinimumVisualStudioVersion = 10.0.40219.1
Project("{FAE04EC0-301F-11D3-BF4B-00C04F79EFBC}") = "teste_cartao", "teste_cartao\teste_cartao.csproj", "{82A49FE5-72E5-40D2-ADF3-C714FB76AE8C}"
EndProject
Global
	GlobalSection(SolutionConfigurationPlatforms) = preSolution
		Debug|Any CPU = Debug|Any CPU
		Release|Any CPU = Release|Any CPU
	EndGlobalSection
	GlobalSection(ProjectConfigurationPlatforms) = postSolution
		{82A49FE5-72E5-40D2-ADF3-C714FB76AE8C}.Debug|Any CPU.ActiveCfg = Debug|Any CPU
		{82A49FE5-72E5-40D2-ADF3-C714FB76AE8C}.Debug|Any CPU.Build.0 = Debug|Any CPU
		{82A49FE5-72E5-40D2-ADF3-C714FB76AE8C}.Release|Any CPU.ActiveCfg = Release|Any CPU
		{82A49FE5-72E5-40D2-ADF3-C714FB76AE8C}.Release|Any CPU.Build.0 = Release|Any CPU
	EndGlobalSection
	GlobalSection(SolutionProperties) = preSolution
		HideSolutionNode = FALSE
	EndGlobalSection
	GlobalSection(ExtensibilityGlobals) = postSolution
		SolutionGuid = {7981954A-124C-4563-A875-AF4CD76969A8}
	EndGlobalSection
EndGlobal
